
Microsoft Visual Studio Solution File, Format Version 12.00
# Visual Studio Version 16
VisualStudioVersion = 16.0.30523.141
MinimumVisualStudioVersion = 10.0.40219.1
Project("{FAE04EC0-301F-11D3-BF4B-00C04F79EFBC}") = "Kombinatorika", "Kombinatorika\Kombinatorika.csproj", "{C62D2A38-CF05-4C37-B742-9FA66B83C8D4}"
EndProject
Global
	GlobalSection(SolutionConfigurationPlatforms) = preSolution
		Debug|Any CPU = Debug|Any CPU
		Release|Any CPU = Release|Any CPU
	EndGlobalSection
	GlobalSection(ProjectConfigurationPlatforms) = postSolution
		{C62D2A38-CF05-4C37-B742-9FA66B83C8D4}.Debug|Any CPU.ActiveCfg = Debug|Any CPU
		{C62D2A38-CF05-4C37-B742-9FA66B83C8D4}.Debug|Any CPU.Build.0 = Debug|Any CPU
		{C62D2A38-CF05-4C37-B742-9FA66B83C8D4}.Release|Any CPU.ActiveCfg = Release|Any CPU
		{C62D2A38-CF05-4C37-B742-9FA66B83C8D4}.Release|Any CPU.Build.0 = Release|Any CPU
	EndGlobalSection
	GlobalSection(SolutionProperties) = preSolution
		HideSolutionNode = FALSE
	EndGlobalSection
	GlobalSection(ExtensibilityGlobals) = postSolution
		SolutionGuid = {521D7ABA-D917-45CE-BE7A-8A2CB19E3FFE}
	EndGlobalSection
EndGlobal
